
Microsoft Visual Studio Solution File, Format Version 12.00
# Visual Studio Version 16
VisualStudioVersion = 16.0.30804.86
MinimumVisualStudioVersion = 10.0.40219.1
Project("{00D1A9C2-B5F0-4AF3-8072-F6C62B433612}") = "ContactDatabase", "ContactDatabase\ContactDatabase.sqlproj", "{B87FEE40-9393-4E19-BD6C-D1055C42F81E}"
EndProject
Project("{2150E333-8FDC-42A3-9474-1A3956D46DE8}") = "Database", "Database", "{4C17A027-F04B-4F98-B8D1-21E939B81B23}"
EndProject
Project("{2150E333-8FDC-42A3-9474-1A3956D46DE8}") = "Model", "Model", "{97ACD193-41CC-4612-8C03-1FC74F5D74F4}"
EndProject
Project("{2150E333-8FDC-42A3-9474-1A3956D46DE8}") = "ViewModel", "ViewModel", "{F46E840F-3CE9-4930-B589-23DA2AD91CBC}"
EndProject
Project("{2150E333-8FDC-42A3-9474-1A3956D46DE8}") = "Views", "Views", "{B64C21EC-7ABE-4D8E-8FF5-BCB88DAA238B}"
EndProject
Project("{9A19103F-16F7-4668-BE54-9A1E7A4F7556}") = "GestContact", "GestContact\GestContact.csproj", "{735841FC-183A-4F1E-854D-648A9067E719}"
EndProject
Project("{9A19103F-16F7-4668-BE54-9A1E7A4F7556}") = "GestContact.Models", "GestContact.Models\GestContact.Models.csproj", "{8EA38681-6C80-4201-BB15-67ED5EFF26A5}"
EndProject
Project("{9A19103F-16F7-4668-BE54-9A1E7A4F7556}") = "GestContact.ViewModels", "GestContact.ViewModels\GestContact.ViewModels.csproj", "{FCB46EE4-D3EA-46AA-BA91-F052E7B1449F}"
EndProject
Project("{2150E333-8FDC-42A3-9474-1A3956D46DE8}") = "UI", "UI", "{1E1356C5-4383-42A8-B252-16E346CEA745}"
EndProject
Project("{2150E333-8FDC-42A3-9474-1A3956D46DE8}") = "WPF", "WPF", "{C281D79E-1FED-4014-8B12-CFD4A09EC4C4}"
EndProject
Project("{2150E333-8FDC-42A3-9474-1A3956D46DE8}") = "ASP", "ASP", "{401B5A3E-E45B-4325-9C4B-ACBD8BF32BA7}"
EndProject
Project("{FAE04EC0-301F-11D3-BF4B-00C04F79EFBC}") = "GestContact.MVC", "GestContact.MVC\GestContact.MVC.csproj", "{7D01CC6B-E171-489A-B0D0-4D580593DA98}"
EndProject
Global
	GlobalSection(SolutionConfigurationPlatforms) = preSolution
		Debug|Any CPU = Debug|Any CPU
		Release|Any CPU = Release|Any CPU
	EndGlobalSection
	GlobalSection(ProjectConfigurationPlatforms) = postSolution
		{B87FEE40-9393-4E19-BD6C-D1055C42F81E}.Debug|Any CPU.ActiveCfg = Debug|Any CPU
		{B87FEE40-9393-4E19-BD6C-D1055C42F81E}.Debug|Any CPU.Build.0 = Debug|Any CPU
		{B87FEE40-9393-4E19-BD6C-D1055C42F81E}.Debug|Any CPU.Deploy.0 = Debug|Any CPU
		{B87FEE40-9393-4E19-BD6C-D1055C42F81E}.Release|Any CPU.ActiveCfg = Release|Any CPU
		{B87FEE40-9393-4E19-BD6C-D1055C42F81E}.Release|Any CPU.Build.0 = Release|Any CPU
		{B87FEE40-9393-4E19-BD6C-D1055C42F81E}.Release|Any CPU.Deploy.0 = Release|Any CPU
		{735841FC-183A-4F1E-854D-648A9067E719}.Debug|Any CPU.ActiveCfg = Debug|Any CPU
		{735841FC-183A-4F1E-854D-648A9067E719}.Debug|Any CPU.Build.0 = Debug|Any CPU
		{735841FC-183A-4F1E-854D-648A9067E719}.Release|Any CPU.ActiveCfg = Release|Any CPU
		{735841FC-183A-4F1E-854D-648A9067E719}.Release|Any CPU.Build.0 = Release|Any CPU
		{8EA38681-6C80-4201-BB15-67ED5EFF26A5}.Debug|Any CPU.ActiveCfg = Debug|Any CPU
		{8EA38681-6C80-4201-BB15-67ED5EFF26A5}.Debug|Any CPU.Build.0 = Debug|Any CPU
		{8EA38681-6C80-4201-BB15-67ED5EFF26A5}.Release|Any CPU.ActiveCfg = Release|Any CPU
		{8EA38681-6C80-4201-BB15-67ED5EFF26A5}.Release|Any CPU.Build.0 = Release|Any CPU
		{FCB46EE4-D3EA-46AA-BA91-F052E7B1449F}.Debug|Any CPU.ActiveCfg = Debug|Any CPU
		{FCB46EE4-D3EA-46AA-BA91-F052E7B1449F}.Debug|Any CPU.Build.0 = Debug|Any CPU
		{FCB46EE4-D3EA-46AA-BA91-F052E7B1449F}.Release|Any CPU.ActiveCfg = Release|Any CPU
		{FCB46EE4-D3EA-46AA-BA91-F052E7B1449F}.Release|Any CPU.Build.0 = Release|Any CPU
		{7D01CC6B-E171-489A-B0D0-4D580593DA98}.Debug|Any CPU.ActiveCfg = Debug|Any CPU
		{7D01CC6B-E171-489A-B0D0-4D580593DA98}.Debug|Any CPU.Build.0 = Debug|Any CPU
		{7D01CC6B-E171-489A-B0D0-4D580593DA98}.Release|Any CPU.ActiveCfg = Release|Any CPU
		{7D01CC6B-E171-489A-B0D0-4D580593DA98}.Release|Any CPU.Build.0 = Release|Any CPU
	EndGlobalSection
	GlobalSection(SolutionProperties) = preSolution
		HideSolutionNode = FALSE
	EndGlobalSection
	GlobalSection(NestedProjects) = preSolution
		{B87FEE40-9393-4E19-BD6C-D1055C42F81E} = {4C17A027-F04B-4F98-B8D1-21E939B81B23}
		{F46E840F-3CE9-4930-B589-23DA2AD91CBC} = {C281D79E-1FED-4014-8B12-CFD4A09EC4C4}
		{B64C21EC-7ABE-4D8E-8FF5-BCB88DAA238B} = {C281D79E-1FED-4014-8B12-CFD4A09EC4C4}
		{735841FC-183A-4F1E-854D-648A9067E719} = {B64C21EC-7ABE-4D8E-8FF5-BCB88DAA238B}
		{8EA38681-6C80-4201-BB15-67ED5EFF26A5} = {97ACD193-41CC-4612-8C03-1FC74F5D74F4}
		{FCB46EE4-D3EA-46AA-BA91-F052E7B1449F} = {F46E840F-3CE9-4930-B589-23DA2AD91CBC}
		{C281D79E-1FED-4014-8B12-CFD4A09EC4C4} = {1E1356C5-4383-42A8-B252-16E346CEA745}
		{401B5A3E-E45B-4325-9C4B-ACBD8BF32BA7} = {1E1356C5-4383-42A8-B252-16E346CEA745}
		{7D01CC6B-E171-489A-B0D0-4D580593DA98} = {401B5A3E-E45B-4325-9C4B-ACBD8BF32BA7}
	EndGlobalSection
	GlobalSection(ExtensibilityGlobals) = postSolution
		SolutionGuid = {C1938850-2ECA-4FD7-96C5-DE279B11002A}
	EndGlobalSection
EndGlobal
